// !$*UTF8*$!
{
	archiveVersion = 1;
	classes = {
	};
	objectVersion = 77;
	objects = {

/* Begin PBXBuildFile section */
		04F7F34537F9996149A90F10 /* Assets.xcassets in Resources */ = {isa = PBXBuildFile; fileRef = C991FF966040F2EF7846BC43 /* Assets.xcassets */; };
		0C7093B5BECABD0BF3F4D481 /* AppColors.swift in Sources */ = {isa = PBXBuildFile; fileRef = A5EF91360463687741177993 /* AppColors.swift */; };
		31485969E585F3A673A20C36 /* WorkspaceView.swift in Sources */ = {isa = PBXBuildFile; fileRef = 525A6CD20F360580861AD720 /* WorkspaceView.swift */; };
		3521DB22F40AAC2B47EE422A /* OllamaService.swift in Sources */ = {isa = PBXBuildFile; fileRef = 1DF21F33ED03F83BE5ED7509 /* OllamaService.swift */; };
		5D1947EA9233BBBEF3169F4C /* DocumentViewerPanel.swift in Sources */ = {isa = PBXBuildFile; fileRef = 09E063EC972BEBD8DEF5A554 /* DocumentViewerPanel.swift */; };
		6042E5C6AFDCF2540FF8AA72 /* RAGEngine.swift in Sources */ = {isa = PBXBuildFile; fileRef = 97CABA61FEF0EA080E89F821 /* RAGEngine.swift */; };
		65EBACF4EA39E45D5D7BB427 /* ChatMessage.swift in Sources */ = {isa = PBXBuildFile; fileRef = 8907C32B60571D99602B0180 /* ChatMessage.swift */; };
		6EF2EA07B886EF5866AB72C4 /* AppState.swift in Sources */ = {isa = PBXBuildFile; fileRef = B4BD2170BED6410E27DF6802 /* AppState.swift */; };
		75C6BB19DC98939060081B90 /* SettingsView.swift in Sources */ = {isa = PBXBuildFile; fileRef = C78950EA3C9F78F8F769E793 /* SettingsView.swift */; };
		87E509DC09926719BC7CB55F /* ContentView.swift in Sources */ = {isa = PBXBuildFile; fileRef = 97966E5AED6ACEDC993C7955 /* ContentView.swift */; };
		9AF528D99ACB4AA6AD319906 /* ChatDocument.swift in Sources */ = {isa = PBXBuildFile; fileRef = 174D6A373BC8F9B725288E20 /* ChatDocument.swift */; };
		B916503ED3B87B44CBE575CE /* HomeView.swift in Sources */ = {isa = PBXBuildFile; fileRef = F8B85D9275A925C09528611E /* HomeView.swift */; };
		DCD8DC6E62EEA6D7D92E6A4D /* HeaderBar.swift in Sources */ = {isa = PBXBuildFile; fileRef = A388EEE78C7DCC8FB29D9CFA /* HeaderBar.swift */; };
		EACB844F0BBCA5545869974E /* DocChatApp.swift in Sources */ = {isa = PBXBuildFile; fileRef = EB0CF3F63F9BBEA2FE2E1A0F /* DocChatApp.swift */; };
		F855AC2E58EC7A34469557C7 /* ChatPanel.swift in Sources */ = {isa = PBXBuildFile; fileRef = CE98A49DF021A3E93CE50749 /* ChatPanel.swift */; };
/* End PBXBuildFile section */

/* Begin PBXFileReference section */
		09E063EC972BEBD8DEF5A554 /* DocumentViewerPanel.swift */ = {isa = PBXFileReference; lastKnownFileType = sourcecode.swift; path = DocumentViewerPanel.swift; sourceTree = "<group>"; };
		174D6A373BC8F9B725288E20 /* ChatDocument.swift */ = {isa = PBXFileReference; lastKnownFileType = sourcecode.swift; path = ChatDocument.swift; sourceTree = "<group>"; };
		1DF21F33ED03F83BE5ED7509 /* OllamaService.swift */ = {isa = PBXFileReference; lastKnownFileType = sourcecode.swift; path = OllamaService.swift; sourceTree = "<group>"; };
		30E15D5F0D46BF7607156D2C /* product-atom.app */ = {isa = PBXFileReference; explicitFileType = wrapper.application; includeInIndex = 0; path = "product-atom.app"; sourceTree = BUILT_PRODUCTS_DIR; };
		525A6CD20F360580861AD720 /* WorkspaceView.swift */ = {isa = PBXFileReference; lastKnownFileType = sourcecode.swift; path = WorkspaceView.swift; sourceTree = "<group>"; };
		6B6C89156DFF4AA82B209E2B /* product-atom.entitlements */ = {isa = PBXFileReference; lastKnownFileType = text.plist.entitlements; path = "product-atom.entitlements"; sourceTree = "<group>"; };
		8907C32B60571D99602B0180 /* ChatMessage.swift */ = {isa = PBXFileReference; lastKnownFileType = sourcecode.swift; path = ChatMessage.swift; sourceTree = "<group>"; };
		97966E5AED6ACEDC993C7955 /* ContentView.swift */ = {isa = PBXFileReference; lastKnownFileType = sourcecode.swift; path = ContentView.swift; sourceTree = "<group>"; };
		97CABA61FEF0EA080E89F821 /* RAGEngine.swift */ = {isa = PBXFileReference; lastKnownFileType = sourcecode.swift; path = RAGEngine.swift; sourceTree = "<group>"; };
		A388EEE78C7DCC8FB29D9CFA /* HeaderBar.swift */ = {isa = PBXFileReference; lastKnownFileType = sourcecode.swift; path = HeaderBar.swift; sourceTree = "<group>"; };
		A5EF91360463687741177993 /* AppColors.swift */ = {isa = PBXFileReference; lastKnownFileType = sourcecode.swift; path = AppColors.swift; sourceTree = "<group>"; };
		B4BD2170BED6410E27DF6802 /* AppState.swift */ = {isa = PBXFileReference; lastKnownFileType = sourcecode.swift; path = AppState.swift; sourceTree = "<group>"; };
		C78950EA3C9F78F8F769E793 /* SettingsView.swift */ = {isa = PBXFileReference; lastKnownFileType = sourcecode.swift; path = SettingsView.swift; sourceTree = "<group>"; };
		C991FF966040F2EF7846BC43 /* Assets.xcassets */ = {isa = PBXFileReference; lastKnownFileType = folder.assetcatalog; path = Assets.xcassets; sourceTree = "<group>"; };
		CE98A49DF021A3E93CE50749 /* ChatPanel.swift */ = {isa = PBXFileReference; lastKnownFileType = sourcecode.swift; path = ChatPanel.swift; sourceTree = "<group>"; };
		E5C92BE5232E7DFFA9569652 /* Info.plist */ = {isa = PBXFileReference; lastKnownFileType = text.plist; path = Info.plist; sourceTree = "<group>"; };
		EB0CF3F63F9BBEA2FE2E1A0F /* DocChatApp.swift */ = {isa = PBXFileReference; lastKnownFileType = sourcecode.swift; path = DocChatApp.swift; sourceTree = "<group>"; };
		F8B85D9275A925C09528611E /* HomeView.swift */ = {isa = PBXFileReference; lastKnownFileType = sourcecode.swift; path = HomeView.swift; sourceTree = "<group>"; };
/* End PBXFileReference section */

/* Begin PBXGroup section */
		0F7590F41709596DE27B84AF /* App */ = {
			isa = PBXGroup;
			children = (
				B4BD2170BED6410E27DF6802 /* AppState.swift */,
				EB0CF3F63F9BBEA2FE2E1A0F /* DocChatApp.swift */,
			);
			path = App;
			sourceTree = "<group>";
		};
		1717CD84828C7C357B1EF872 /* Views */ = {
			isa = PBXGroup;
			children = (
				CE98A49DF021A3E93CE50749 /* ChatPanel.swift */,
				97966E5AED6ACEDC993C7955 /* ContentView.swift */,
				09E063EC972BEBD8DEF5A554 /* DocumentViewerPanel.swift */,
				A388EEE78C7DCC8FB29D9CFA /* HeaderBar.swift */,
				F8B85D9275A925C09528611E /* HomeView.swift */,
				C78950EA3C9F78F8F769E793 /* SettingsView.swift */,
				525A6CD20F360580861AD720 /* WorkspaceView.swift */,
			);
			path = Views;
			sourceTree = "<group>";
		};
		28CD86D7EAD7BF3F3BF47A4D /* Models */ = {
			isa = PBXGroup;
			children = (
				174D6A373BC8F9B725288E20 /* ChatDocument.swift */,
				8907C32B60571D99602B0180 /* ChatMessage.swift */,
			);
			path = Models;
			sourceTree = "<group>";
		};
		6524A61CB59FBC7EFC788F60 = {
			isa = PBXGroup;
			children = (
				B33098664A67092149B3E882 /* product-atom */,
				C5B0B2C4B20CE13C98EA1D17 /* Products */,
			);
			sourceTree = "<group>";
		};
		A65BBFFA8FB7BADC6A88BE4A /* Services */ = {
			isa = PBXGroup;
			children = (
				1DF21F33ED03F83BE5ED7509 /* OllamaService.swift */,
				97CABA61FEF0EA080E89F821 /* RAGEngine.swift */,
			);
			path = Services;
			sourceTree = "<group>";
		};
		B33098664A67092149B3E882 /* product-atom */ = {
			isa = PBXGroup;
			children = (
				C991FF966040F2EF7846BC43 /* Assets.xcassets */,
				E5C92BE5232E7DFFA9569652 /* Info.plist */,
				6B6C89156DFF4AA82B209E2B /* product-atom.entitlements */,
				0F7590F41709596DE27B84AF /* App */,
				28CD86D7EAD7BF3F3BF47A4D /* Models */,
				A65BBFFA8FB7BADC6A88BE4A /* Services */,
				F122CF628F5152FAFA2CDA46 /* Theme */,
				1717CD84828C7C357B1EF872 /* Views */,
			);
			path = "product-atom";
			sourceTree = "<group>";
		};
		C5B0B2C4B20CE13C98EA1D17 /* Products */ = {
			isa = PBXGroup;
			children = (
				30E15D5F0D46BF7607156D2C /* product-atom.app */,
			);
			name = Products;
			sourceTree = "<group>";
		};
		F122CF628F5152FAFA2CDA46 /* Theme */ = {
			isa = PBXGroup;
			children = (
				A5EF91360463687741177993 /* AppColors.swift */,
			);
			path = Theme;
			sourceTree = "<group>";
		};
/* End PBXGroup section */

/* Begin PBXNativeTarget section */
		65802C1A3E72132AE852DD25 /* product-atom */ = {
			isa = PBXNativeTarget;
			buildConfigurationList = 880EF819C4682CAC3E15228D /* Build configuration list for PBXNativeTarget "product-atom" */;
			buildPhases = (
				010FF7F4389F2D30AA9BBC23 /* Sources */,
				B468BFE8D3ED066BA74DF1C5 /* Resources */,
			);
			buildRules = (
			);
			dependencies = (
			);
			name = "product-atom";
			packageProductDependencies = (
			);
			productName = "product-atom";
			productReference = 30E15D5F0D46BF7607156D2C /* product-atom.app */;
			productType = "com.apple.product-type.application";
		};
/* End PBXNativeTarget section */

/* Begin PBXProject section */
		CD7E660986E44013964102FE /* Project object */ = {
			isa = PBXProject;
			attributes = {
				BuildIndependentTargetsInParallel = YES;
				LastUpgradeCheck = 1430;
			};
			buildConfigurationList = D3183290A2BC751F2BA3C695 /* Build configuration list for PBXProject "product-atom" */;
			compatibilityVersion = "Xcode 14.0";
			developmentRegion = en;
			hasScannedForEncodings = 0;
			knownRegions = (
				Base,
				en,
			);
			mainGroup = 6524A61CB59FBC7EFC788F60;
			minimizedProjectReferenceProxies = 1;
			preferredProjectObjectVersion = 77;
			projectDirPath = "";
			projectRoot = "";
			targets = (
				65802C1A3E72132AE852DD25 /* product-atom */,
			);
		};
/* End PBXProject section */

/* Begin PBXResourcesBuildPhase section */
		B468BFE8D3ED066BA74DF1C5 /* Resources */ = {
			isa = PBXResourcesBuildPhase;
			buildActionMask = 2147483647;
			files = (
				04F7F34537F9996149A90F10 /* Assets.xcassets in Resources */,
			);
			runOnlyForDeploymentPostprocessing = 0;
		};
/* End PBXResourcesBuildPhase section */

/* Begin PBXSourcesBuildPhase section */
		010FF7F4389F2D30AA9BBC23 /* Sources */ = {
			isa = PBXSourcesBuildPhase;
			buildActionMask = 2147483647;
			files = (
				0C7093B5BECABD0BF3F4D481 /* AppColors.swift in Sources */,
				6EF2EA07B886EF5866AB72C4 /* AppState.swift in Sources */,
				9AF528D99ACB4AA6AD319906 /* ChatDocument.swift in Sources */,
				65EBACF4EA39E45D5D7BB427 /* ChatMessage.swift in Sources */,
				F855AC2E58EC7A34469557C7 /* ChatPanel.swift in Sources */,
				87E509DC09926719BC7CB55F /* ContentView.swift in Sources */,
				EACB844F0BBCA5545869974E /* DocChatApp.swift in Sources */,
				5D1947EA9233BBBEF3169F4C /* DocumentViewerPanel.swift in Sources */,
				DCD8DC6E62EEA6D7D92E6A4D /* HeaderBar.swift in Sources */,
				B916503ED3B87B44CBE575CE /* HomeView.swift in Sources */,
				3521DB22F40AAC2B47EE422A /* OllamaService.swift in Sources */,
				6042E5C6AFDCF2540FF8AA72 /* RAGEngine.swift in Sources */,
				75C6BB19DC98939060081B90 /* SettingsView.swift in Sources */,
				31485969E585F3A673A20C36 /* WorkspaceView.swift in Sources */,
			);
			runOnlyForDeploymentPostprocessing = 0;
		};
/* End PBXSourcesBuildPhase section */

/* Begin XCBuildConfiguration section */
		6AADB88F8F36366D433493EA /* Release */ = {
			isa = XCBuildConfiguration;
			buildSettings = {
				ALWAYS_SEARCH_USER_PATHS = NO;
				ASSETCATALOG_COMPILER_APPICON_NAME = AppIcon;
				CURRENT_PROJECT_VERSION = 1;
				MACOSX_DEPLOYMENT_TARGET = 14.0;
				MARKETING_VERSION = 1.0;
				PRODUCT_BUNDLE_IDENTIFIER = com.example.productatom;
				PRODUCT_NAME = "product-atom";
				SDKROOT = macosx;
				SUPPORTED_PLATFORMS = macosx;
				SWIFT_VERSION = 5.0;
			};
			name = Release;
		};
		74439E63D2DBAAF3751004F5 /* Release */ = {
			isa = XCBuildConfiguration;
			buildSettings = {
				CODE_SIGN_ENTITLEMENTS = "product-atom/product-atom.entitlements";
				INFOPLIST_FILE = "product-atom/Info.plist";
				MACOSX_DEPLOYMENT_TARGET = 14.0;
			};
			name = Release;
		};
		C6EA4E1AB038D057887FFACF /* Debug */ = {
			isa = XCBuildConfiguration;
			buildSettings = {
				ALWAYS_SEARCH_USER_PATHS = NO;
				ASSETCATALOG_COMPILER_APPICON_NAME = AppIcon;
				CURRENT_PROJECT_VERSION = 1;
				MACOSX_DEPLOYMENT_TARGET = 14.0;
				MARKETING_VERSION = 1.0;
				PRODUCT_BUNDLE_IDENTIFIER = com.example.productatom;
				PRODUCT_NAME = "product-atom";
				SDKROOT = macosx;
				SUPPORTED_PLATFORMS = macosx;
				SWIFT_VERSION = 5.0;
			};
			name = Debug;
		};
		CF2E13C2262184DE03714DF7 /* Debug */ = {
			isa = XCBuildConfiguration;
			buildSettings = {
				CODE_SIGN_ENTITLEMENTS = "product-atom/product-atom.entitlements";
				INFOPLIST_FILE = "product-atom/Info.plist";
				MACOSX_DEPLOYMENT_TARGET = 14.0;
			};
			name = Debug;
		};
/* End XCBuildConfiguration section */

/* Begin XCConfigurationList section */
		880EF819C4682CAC3E15228D /* Build configuration list for PBXNativeTarget "product-atom" */ = {
			isa = XCConfigurationList;
			buildConfigurations = (
				CF2E13C2262184DE03714DF7 /* Debug */,
				74439E63D2DBAAF3751004F5 /* Release */,
			);
			defaultConfigurationIsVisible = 0;
			defaultConfigurationName = Debug;
		};
		D3183290A2BC751F2BA3C695 /* Build configuration list for PBXProject "product-atom" */ = {
			isa = XCConfigurationList;
			buildConfigurations = (
				C6EA4E1AB038D057887FFACF /* Debug */,
				6AADB88F8F36366D433493EA /* Release */,
			);
			defaultConfigurationIsVisible = 0;
			defaultConfigurationName = Debug;
		};
/* End XCConfigurationList section */
	};
	rootObject = CD7E660986E44013964102FE /* Project object */;
}
